
Microsoft Visual Studio Solution File, Format Version 12.00
# Visual Studio Version 17
VisualStudioVersion = 17.9.34728.123
MinimumVisualStudioVersion = 10.0.40219.1
Project("{FAE04EC0-301F-11D3-BF4B-00C04F79EFBC}") = "KinoMate.server", "KinoMate.server.csproj", "{0CBE5D7F-56A1-4C17-9A98-133B81901DC7}"
EndProject
Global
	GlobalSection(SolutionConfigurationPlatforms) = preSolution
		Debug|Any CPU = Debug|Any CPU
		Release|Any CPU = Release|Any CPU
	EndGlobalSection
	GlobalSection(ProjectConfigurationPlatforms) = postSolution
		{0CBE5D7F-56A1-4C17-9A98-133B81901DC7}.Debug|Any CPU.ActiveCfg = Debug|Any CPU
		{0CBE5D7F-56A1-4C17-9A98-133B81901DC7}.Debug|Any CPU.Build.0 = Debug|Any CPU
		{0CBE5D7F-56A1-4C17-9A98-133B81901DC7}.Release|Any CPU.ActiveCfg = Release|Any CPU
		{0CBE5D7F-56A1-4C17-9A98-133B81901DC7}.Release|Any CPU.Build.0 = Release|Any CPU
	EndGlobalSection
	GlobalSection(SolutionProperties) = preSolution
		HideSolutionNode = FALSE
	EndGlobalSection
	GlobalSection(ExtensibilityGlobals) = postSolution
		SolutionGuid = {1CA747A4-3865-4362-96DB-DC6F717F1898}
	EndGlobalSection
EndGlobal
